
Microsoft Visual Studio Solution File, Format Version 12.00
# Visual Studio Version 17
VisualStudioVersion = 17.11.35312.102
MinimumVisualStudioVersion = 10.0.40219.1
Project("{2150E333-8FDC-42A3-9474-1A3956D46DE8}") = "sample", "sample", "{A6878E2C-51B5-4619-9D0F-0ECD05573250}"
	ProjectSection(SolutionItems) = preProject
		Project.sql = Project.sql
		test.txt = test.txt
	EndProjectSection
EndProject
Project("{2150E333-8FDC-42A3-9474-1A3956D46DE8}") = "Queries", "Queries", "{4041D7C5-CBFD-41B7-8150-59651C8B0586}"
	ProjectSection(SolutionItems) = preProject
		queries_sample.sql = queries_sample.sql
	EndProjectSection
EndProject
Global
	GlobalSection(SolutionProperties) = preSolution
		HideSolutionNode = FALSE
	EndGlobalSection
	GlobalSection(NestedProjects) = preSolution
		{4041D7C5-CBFD-41B7-8150-59651C8B0586} = {A6878E2C-51B5-4619-9D0F-0ECD05573250}
	EndGlobalSection
	GlobalSection(ExtensibilityGlobals) = postSolution
		SolutionGuid = {853B0C16-BFEB-4ACC-A41F-61C59A8AAA8C}
	EndGlobalSection
EndGlobal
